
Microsoft Visual Studio Solution File, Format Version 12.00
# Visual Studio 2012
Project("{FAE04EC0-301F-11D3-BF4B-00C04F79EFBC}") = "OAuth", "OAuth\OAuth.csproj", "{A8CF1AE3-58BD-4550-A487-9EDB0C30C219}"
EndProject
Project("{FAE04EC0-301F-11D3-BF4B-00C04F79EFBC}") = "OAuth.Tests", "OAuth.Tests\OAuth.Tests.csproj", "{D31F87D3-5A80-499D-B081-795F16B6BB70}"
EndProject
Global
	GlobalSection(SolutionConfigurationPlatforms) = preSolution
		Debug|Any CPU = Debug|Any CPU
		Release|Any CPU = Release|Any CPU
	EndGlobalSection
	GlobalSection(ProjectConfigurationPlatforms) = postSolution
		{A8CF1AE3-58BD-4550-A487-9EDB0C30C219}.Debug|Any CPU.ActiveCfg = Debug|Any CPU
		{A8CF1AE3-58BD-4550-A487-9EDB0C30C219}.Debug|Any CPU.Build.0 = Debug|Any CPU
		{A8CF1AE3-58BD-4550-A487-9EDB0C30C219}.Release|Any CPU.ActiveCfg = Release|Any CPU
		{A8CF1AE3-58BD-4550-A487-9EDB0C30C219}.Release|Any CPU.Build.0 = Release|Any CPU
		{D31F87D3-5A80-499D-B081-795F16B6BB70}.Debug|Any CPU.ActiveCfg = Debug|Any CPU
		{D31F87D3-5A80-499D-B081-795F16B6BB70}.Debug|Any CPU.Build.0 = Debug|Any CPU
		{D31F87D3-5A80-499D-B081-795F16B6BB70}.Release|Any CPU.ActiveCfg = Release|Any CPU
		{D31F87D3-5A80-499D-B081-795F16B6BB70}.Release|Any CPU.Build.0 = Release|Any CPU
	EndGlobalSection
	GlobalSection(SolutionProperties) = preSolution
		HideSolutionNode = FALSE
	EndGlobalSection
EndGlobal
